
Microsoft Visual Studio Solution File, Format Version 12.00
# Visual Studio 2012
Project("{FAE04EC0-301F-11D3-BF4B-00C04F79EFBC}") = "tik-tok-toe game", "tik-tok-toe game\tik-tok-toe game.csproj", "{1B40BDD8-ED7D-44F5-96CC-36DEEC0C23EF}"
EndProject
Global
	GlobalSection(SolutionConfigurationPlatforms) = preSolution
		Debug|Any CPU = Debug|Any CPU
		Release|Any CPU = Release|Any CPU
	EndGlobalSection
	GlobalSection(ProjectConfigurationPlatforms) = postSolution
		{1B40BDD8-ED7D-44F5-96CC-36DEEC0C23EF}.Debug|Any CPU.ActiveCfg = Debug|Any CPU
		{1B40BDD8-ED7D-44F5-96CC-36DEEC0C23EF}.Debug|Any CPU.Build.0 = Debug|Any CPU
		{1B40BDD8-ED7D-44F5-96CC-36DEEC0C23EF}.Release|Any CPU.ActiveCfg = Release|Any CPU
		{1B40BDD8-ED7D-44F5-96CC-36DEEC0C23EF}.Release|Any CPU.Build.0 = Release|Any CPU
	EndGlobalSection
	GlobalSection(SolutionProperties) = preSolution
		HideSolutionNode = FALSE
	EndGlobalSection
EndGlobal
